
Microsoft Visual Studio Solution File, Format Version 12.00
# Visual Studio Version 17
VisualStudioVersion = 17.12.35707.178
MinimumVisualStudioVersion = 10.0.40219.1
Project("{FAE04EC0-301F-11D3-BF4B-00C04F79EFBC}") = "Labo1", "Labo1\Labo1.csproj", "{ED286902-E94B-49BC-AFE5-5CBE2D8FCED9}"
EndProject
Project("{FAE04EC0-301F-11D3-BF4B-00C04F79EFBC}") = "MyShapeLibrary", "MyShapeLibrary\MyShapeLibrary.csproj", "{A9A7E710-62F6-4A9B-B312-7D6EC1E68B4F}"
EndProject
Project("{FAE04EC0-301F-11D3-BF4B-00C04F79EFBC}") = "MathHelpers", "MathHelpers\MathHelpers.csproj", "{AAD1E352-2F96-4D6A-884D-1C53EE2FB252}"
EndProject
Global
	GlobalSection(SolutionConfigurationPlatforms) = preSolution
		Debug|Any CPU = Debug|Any CPU
		Release|Any CPU = Release|Any CPU
	EndGlobalSection
	GlobalSection(ProjectConfigurationPlatforms) = postSolution
		{ED286902-E94B-49BC-AFE5-5CBE2D8FCED9}.Debug|Any CPU.ActiveCfg = Debug|Any CPU
		{ED286902-E94B-49BC-AFE5-5CBE2D8FCED9}.Debug|Any CPU.Build.0 = Debug|Any CPU
		{ED286902-E94B-49BC-AFE5-5CBE2D8FCED9}.Release|Any CPU.ActiveCfg = Release|Any CPU
		{ED286902-E94B-49BC-AFE5-5CBE2D8FCED9}.Release|Any CPU.Build.0 = Release|Any CPU
		{A9A7E710-62F6-4A9B-B312-7D6EC1E68B4F}.Debug|Any CPU.ActiveCfg = Debug|Any CPU
		{A9A7E710-62F6-4A9B-B312-7D6EC1E68B4F}.Debug|Any CPU.Build.0 = Debug|Any CPU
		{A9A7E710-62F6-4A9B-B312-7D6EC1E68B4F}.Release|Any CPU.ActiveCfg = Release|Any CPU
		{A9A7E710-62F6-4A9B-B312-7D6EC1E68B4F}.Release|Any CPU.Build.0 = Release|Any CPU
		{AAD1E352-2F96-4D6A-884D-1C53EE2FB252}.Debug|Any CPU.ActiveCfg = Debug|Any CPU
		{AAD1E352-2F96-4D6A-884D-1C53EE2FB252}.Debug|Any CPU.Build.0 = Debug|Any CPU
		{AAD1E352-2F96-4D6A-884D-1C53EE2FB252}.Release|Any CPU.ActiveCfg = Release|Any CPU
		{AAD1E352-2F96-4D6A-884D-1C53EE2FB252}.Release|Any CPU.Build.0 = Release|Any CPU
	EndGlobalSection
	GlobalSection(SolutionProperties) = preSolution
		HideSolutionNode = FALSE
	EndGlobalSection
EndGlobal
